
Microsoft Visual Studio Solution File, Format Version 12.00
# Visual Studio Version 17
VisualStudioVersion = 17.0.31717.71
MinimumVisualStudioVersion = 10.0.40219.1
Project("{FAE04EC0-301F-11D3-BF4B-00C04F79EFBC}") = "Project1", "Project1\Project1.csproj", "{0C7B6D05-5A50-4383-BA20-795902F735DD}"
EndProject
Global
	GlobalSection(SolutionConfigurationPlatforms) = preSolution
		Debug|Any CPU = Debug|Any CPU
		Release|Any CPU = Release|Any CPU
	EndGlobalSection
	GlobalSection(ProjectConfigurationPlatforms) = postSolution
		{0C7B6D05-5A50-4383-BA20-795902F735DD}.Debug|Any CPU.ActiveCfg = Debug|Any CPU
		{0C7B6D05-5A50-4383-BA20-795902F735DD}.Debug|Any CPU.Build.0 = Debug|Any CPU
		{0C7B6D05-5A50-4383-BA20-795902F735DD}.Release|Any CPU.ActiveCfg = Release|Any CPU
		{0C7B6D05-5A50-4383-BA20-795902F735DD}.Release|Any CPU.Build.0 = Release|Any CPU
	EndGlobalSection
	GlobalSection(SolutionProperties) = preSolution
		HideSolutionNode = FALSE
	EndGlobalSection
	GlobalSection(ExtensibilityGlobals) = postSolution
		SolutionGuid = {6DFFD817-8EE8-4645-A5C7-B30A96299A37}
	EndGlobalSection
EndGlobal
